{
  "name": "bpmn-js",
  "version": "0.22.1",
  "lockfileVersion": 1,
  "requires": true,
  "dependencies": {
    "bpmn-moddle": {
      "version": "0.14.0",
      "resolved": "https://registry.npmjs.org/bpmn-moddle/-/bpmn-moddle-0.14.0.tgz",
      "integrity": "sha1-HsV5WBCD8OIHafoNuEXM3ZY3OeI=",
      "requires": {
        "lodash": "3.10.1",
        "moddle": "1.0.0",
        "moddle-xml": "1.0.0"
      }
    },
    "component-classes": {
      "version": "1.2.6",
      "resolved": "https://registry.npmjs.org/component-classes/-/component-classes-1.2.6.tgz",
      "integrity": "sha1-xkI5TDYYpNiwuJGe/Mu9kw5c1pE=",
      "requires": {
        "component-indexof": "0.0.3"
      }
    },
    "component-closest": {
      "version": "0.1.4",
      "resolved": "https://registry.npmjs.org/component-closest/-/component-closest-0.1.4.tgz",
      "integrity": "sha1-W3L8UtkGB+dRFcr9w7B+JzSN5xs=",
      "requires": {
        "component-matches-selector": "0.1.6"
      }
    },
    "component-delegate": {
      "version": "0.2.4",
      "resolved": "https://registry.npmjs.org/component-delegate/-/component-delegate-0.2.4.tgz",
      "integrity": "sha1-3FAodZ6mgb6oSj1rvWUCB8O+sTg=",
      "requires": {
        "component-closest": "0.1.4",
        "component-event": "0.1.4"
      }
    },
    "component-event": {
      "version": "0.1.4",
      "resolved": "https://registry.npmjs.org/component-event/-/component-event-0.1.4.tgz",
      "integrity": "sha1-PeePwoeCOBeH4kvyp8U2vwFCybQ="
    },
    "component-indexof": {
      "version": "0.0.3",
      "resolved": "https://registry.npmjs.org/component-indexof/-/component-indexof-0.0.3.tgz",
      "integrity": "sha1-EdCRMSI5648yyPJa6csAL/6NPCQ="
    },
    "component-matches-selector": {
      "version": "0.1.6",
      "resolved": "https://registry.npmjs.org/component-matches-selector/-/component-matches-selector-0.1.6.tgz",
      "integrity": "sha1-e2MOBOfgw7ABnzF0n9cK9e2Lly4=",
      "requires": {
        "component-query": "0.0.3"
      }
    },
    "component-query": {
      "version": "0.0.3",
      "resolved": "https://registry.npmjs.org/component-query/-/component-query-0.0.3.tgz",
      "integrity": "sha1-B/Sdq3Bx+pYGcl31PmB/RorNqs8="
    },
    "diagram-js": {
      "version": "0.21.1",
      "resolved": "https://registry.npmjs.org/diagram-js/-/diagram-js-0.21.1.tgz",
      "integrity": "sha1-Vydsxg/PCvoeaHWLhH6egaLg95g=",
      "requires": {
        "didi": "0.1.1",
        "hammerjs": "2.0.8",
        "inherits": "2.0.3",
        "lodash": "3.10.1",
        "min-dom": "0.2.0",
        "object-refs": "0.1.1",
        "tiny-svg": "0.1.1"
      }
    },
    "diagram-js-direct-editing": {
      "version": "0.19.0",
      "resolved": "https://registry.npmjs.org/diagram-js-direct-editing/-/diagram-js-direct-editing-0.19.0.tgz",
      "integrity": "sha1-fZ6OZcJDV+S3mdyVWSjFQCTfN7A=",
      "requires": {
        "lodash": "3.10.1",
        "min-dom": "0.2.0"
      }
    },
    "diagram-js-origin": {
      "version": "0.15.2",
      "resolved": "https://registry.npmjs.org/diagram-js-origin/-/diagram-js-origin-0.15.2.tgz",
      "integrity": "sha1-nOCpOXe7PDYdY8wX3YnfqcSF3y4=",
      "requires": {
        "tiny-svg": "0.1.1"
      }
    },
    "didi": {
      "version": "0.1.1",
      "resolved": "https://registry.npmjs.org/didi/-/didi-0.1.1.tgz",
      "integrity": "sha1-aG5EaRucpSurG4nDxmqBdLMkmGQ="
    },
    "domify": {
      "version": "1.4.0",
      "resolved": "https://registry.npmjs.org/domify/-/domify-1.4.0.tgz",
      "integrity": "sha1-EUg2F/dk+GlZdbS9x5sU8IA7Yps="
    },
    "hammerjs": {
      "version": "2.0.8",
      "resolved": "https://registry.npmjs.org/hammerjs/-/hammerjs-2.0.8.tgz",
      "integrity": "sha1-BO93hiz/K7edMPdpIJWTAiK/YPE="
    },
    "hat": {
      "version": "0.0.3",
      "resolved": "https://registry.npmjs.org/hat/-/hat-0.0.3.tgz",
      "integrity": "sha1-uwFKnmSzeIrtgAWRdBPU/z1QLYo="
    },
    "ids": {
      "version": "0.2.0",
      "resolved": "https://registry.npmjs.org/ids/-/ids-0.2.0.tgz",
      "integrity": "sha1-WDWrknLBVLXELpth/7KjGtYjKFM=",
      "requires": {
        "hat": "0.0.3"
      }
    },
    "inherits": {
      "version": "2.0.3",
      "resolved": "https://registry.npmjs.org/inherits/-/inherits-2.0.3.tgz",
      "integrity": "sha1-Yzwsg+PaQqUC9SRmAiSA9CCCYd4="
    },
    "lodash": {
      "version": "3.10.1",
      "resolved": "https://registry.npmjs.org/lodash/-/lodash-3.10.1.tgz",
      "integrity": "sha1-W/Rejkm6QYnhfUgnid/RW9FAt7Y="
    },
    "min-dom": {
      "version": "0.2.0",
      "resolved": "https://registry.npmjs.org/min-dom/-/min-dom-0.2.0.tgz",
      "integrity": "sha1-fxo/ishcBa3uez9A4AxSgDB1zV0=",
      "requires": {
        "component-classes": "1.2.6",
        "component-closest": "0.1.4",
        "component-delegate": "0.2.4",
        "component-event": "0.1.4",
        "component-matches-selector": "0.1.6",
        "component-query": "0.0.3",
        "domify": "1.4.0"
      }
    },
    "moddle": {
      "version": "1.0.0",
      "resolved": "https://registry.npmjs.org/moddle/-/moddle-1.0.0.tgz",
      "integrity": "sha1-kDTZeGCHtnEWkyq9VsD3xmrRJJc=",
      "requires": {
        "lodash": "3.10.1"
      }
    },
    "moddle-xml": {
      "version": "1.0.0",
      "resolved": "https://registry.npmjs.org/moddle-xml/-/moddle-xml-1.0.0.tgz",
      "integrity": "sha1-eAHkQB69woWVLrabZlqi7rb8Xjc=",
      "requires": {
        "lodash": "3.10.1",
        "moddle": "1.0.0",
        "sax": "0.6.1",
        "tiny-stack": "0.1.0"
      }
    },
    "object-refs": {
      "version": "0.1.1",
      "resolved": "https://registry.npmjs.org/object-refs/-/object-refs-0.1.1.tgz",
      "integrity": "sha1-NT912mM+qEamHvDfBOxrqUH4b8Q="
    },
    "sax": {
      "version": "0.6.1",
      "resolved": "https://registry.npmjs.org/sax/-/sax-0.6.1.tgz",
      "integrity": "sha1-VjsZx8HeiS4Jv8Ty/DDjwn8JUrk="
    },
    "tiny-stack": {
      "version": "0.1.0",
      "resolved": "https://registry.npmjs.org/tiny-stack/-/tiny-stack-0.1.0.tgz",
      "integrity": "sha1-GoSBc/wL/FTne7LpUE0tPIrXliE="
    },
    "tiny-svg": {
      "version": "0.1.1",
      "resolved": "https://registry.npmjs.org/tiny-svg/-/tiny-svg-0.1.1.tgz",
      "integrity": "sha1-GFyOr3CHVDL9/5jcF5Cpv69l/qs="
    }
  }
}
